<?xml version="1.0" encoding="utf-8"?>
<Project ToolsVersion="4.0" xmlns="http://schemas.microsoft.com/developer/msbuild/2003">
  <ItemGroup>
    <ClCompile Include="Packet.cpp">
      <Filter>源文件</Filter>
    </ClCompile>
    <ClCompile Include="ServerSocket.cpp">
      <Filter>源文件</Filter>
    </ClCompile>
    <ClCompile Include="main.cpp">
      <Filter>源文件</Filter>
    </ClCompile>
    <ClCompile Include="Command.cpp">
      <Filter>源文件</Filter>
    </ClCompile>
    <ClCompile Include="ClientManager.cpp">
      <Filter>源文件</Filter>
    </ClCompile>
    <ClCompile Include="CQueue.cpp">
      <Filter>源文件</Filter>
    </ClCompile>
  </ItemGroup>
  <ItemGroup>
    <Filter Include="头文件">
      <UniqueIdentifier>{6e55f33a-f50a-4e7d-ba83-3099c3840c20}</UniqueIdentifier>
    </Filter>
    <Filter Include="源文件">
      <UniqueIdentifier>{7032fc5b-a356-4b62-a9d9-ef1ef962a2ec}</UniqueIdentifier>
    </Filter>
  </ItemGroup>
  <ItemGroup>
    <ClInclude Include="Packet.h">
      <Filter>头文件</Filter>
    </ClInclude>
    <ClInclude Include="ServerSocket.h">
      <Filter>头文件</Filter>
    </ClInclude>
    <ClInclude Include="Command.h">
      <Filter>头文件</Filter>
    </ClInclude>
    <ClInclude Include="ClientManager.h">
      <Filter>头文件</Filter>
    </ClInclude>
    <ClInclude Include="CQueue.h">
      <Filter>头文件</Filter>
    </ClInclude>
  </ItemGroup>
</Project>